{
  "name": "@neomasterr/forms",
  "version": "1.0.0",
  "lockfileVersion": 2,
  "requires": true,
  "packages": {
    "": {
      "name": "@neomasterr/forms",
      "version": "1.0.0",
      "license": "MIT",
      "dependencies": {
        "@neomasterr/component-element": "^1.0.2",
        "@neomasterr/utils": "^1.0.2",
        "imask": "^6.4.3"
      }
    },
    "node_modules/@neomasterr/component-element": {
      "version": "1.0.2",
      "resolved": "https://registry.npmjs.org/@neomasterr/component-element/-/component-element-1.0.2.tgz",
      "integrity": "sha512-YoLpJBphmPe0C611hQlTMidIRzNvzwUQ87BRsdi1X2J8X5d0TjRRCccKF01+rty8RYxQQmhStVuePXV7r/n6Zg==",
      "dependencies": {
        "@neomasterr/event-emitter": "^1.1.2"
      }
    },
    "node_modules/@neomasterr/event-emitter": {
      "version": "1.1.2",
      "resolved": "https://registry.npmjs.org/@neomasterr/event-emitter/-/event-emitter-1.1.2.tgz",
      "integrity": "sha512-4FvPpkFSMCumXdTph5wedqqBIOZ4KIj5Ny8PPKQWe5JEJgCXuE1fRsI1kKyjA6GAtdJAI3oDOQuaECY9jCzXlw=="
    },
    "node_modules/@neomasterr/utils": {
      "version": "1.0.2",
      "resolved": "https://registry.npmjs.org/@neomasterr/utils/-/utils-1.0.2.tgz",
      "integrity": "sha512-UVUvpgoRMWflUNUSnLfggWRD0qm+gsIHUT1+jn/43BCXX3efLceOVEMyU07f/Y9O6FV2BIH5nAuKSQ3BsxTWqw=="
    },
    "node_modules/imask": {
      "version": "6.4.3",
      "resolved": "https://registry.npmjs.org/imask/-/imask-6.4.3.tgz",
      "integrity": "sha512-aH2GHemGkr3cbRBfhogHMIx05eUxdHrZNlKTTLmz8VxpSopuHHJ8+85FsDlBVQqxPlDLhZuwj4lpHHWbLOdBSw==",
      "engines": {
        "npm": ">=4.0.0"
      }
    }
  },
  "dependencies": {
    "@neomasterr/component-element": {
      "version": "1.0.2",
      "resolved": "https://registry.npmjs.org/@neomasterr/component-element/-/component-element-1.0.2.tgz",
      "integrity": "sha512-YoLpJBphmPe0C611hQlTMidIRzNvzwUQ87BRsdi1X2J8X5d0TjRRCccKF01+rty8RYxQQmhStVuePXV7r/n6Zg==",
      "requires": {
        "@neomasterr/event-emitter": "^1.1.2"
      }
    },
    "@neomasterr/event-emitter": {
      "version": "1.1.2",
      "resolved": "https://registry.npmjs.org/@neomasterr/event-emitter/-/event-emitter-1.1.2.tgz",
      "integrity": "sha512-4FvPpkFSMCumXdTph5wedqqBIOZ4KIj5Ny8PPKQWe5JEJgCXuE1fRsI1kKyjA6GAtdJAI3oDOQuaECY9jCzXlw=="
    },
    "@neomasterr/utils": {
      "version": "1.0.2",
      "resolved": "https://registry.npmjs.org/@neomasterr/utils/-/utils-1.0.2.tgz",
      "integrity": "sha512-UVUvpgoRMWflUNUSnLfggWRD0qm+gsIHUT1+jn/43BCXX3efLceOVEMyU07f/Y9O6FV2BIH5nAuKSQ3BsxTWqw=="
    },
    "imask": {
      "version": "6.4.3",
      "resolved": "https://registry.npmjs.org/imask/-/imask-6.4.3.tgz",
      "integrity": "sha512-aH2GHemGkr3cbRBfhogHMIx05eUxdHrZNlKTTLmz8VxpSopuHHJ8+85FsDlBVQqxPlDLhZuwj4lpHHWbLOdBSw=="
    }
  }
}
